
Microsoft Visual Studio Solution File, Format Version 12.00
# Visual Studio 15
VisualStudioVersion = 15.0.28307.2092
MinimumVisualStudioVersion = 10.0.40219.1
Project("{FAE04EC0-301F-11D3-BF4B-00C04F79EFBC}") = "Giai phuong trinh bac 1", "Giai phuong trinh bac 1\Giai phuong trinh bac 1.csproj", "{7819E93E-6913-4B27-A0D7-32C8E02F0614}"
EndProject
Global
	GlobalSection(SolutionConfigurationPlatforms) = preSolution
		Debug|Any CPU = Debug|Any CPU
		Release|Any CPU = Release|Any CPU
	EndGlobalSection
	GlobalSection(ProjectConfigurationPlatforms) = postSolution
		{7819E93E-6913-4B27-A0D7-32C8E02F0614}.Debug|Any CPU.ActiveCfg = Debug|Any CPU
		{7819E93E-6913-4B27-A0D7-32C8E02F0614}.Debug|Any CPU.Build.0 = Debug|Any CPU
		{7819E93E-6913-4B27-A0D7-32C8E02F0614}.Release|Any CPU.ActiveCfg = Release|Any CPU
		{7819E93E-6913-4B27-A0D7-32C8E02F0614}.Release|Any CPU.Build.0 = Release|Any CPU
	EndGlobalSection
	GlobalSection(SolutionProperties) = preSolution
		HideSolutionNode = FALSE
	EndGlobalSection
	GlobalSection(ExtensibilityGlobals) = postSolution
		SolutionGuid = {2A1AAE93-0AE6-4149-AF31-ED16D55B89F2}
	EndGlobalSection
EndGlobal
